
Microsoft Visual Studio Solution File, Format Version 12.00
# Visual Studio 2012
Project("{FAE04EC0-301F-11D3-BF4B-00C04F79EFBC}") = "Aether.Studio", "Aether.Studio\Aether.Studio.csproj", "{1A1C6321-9766-4097-ABEE-036B7EE9D792}"
EndProject
Project("{F2A71F9B-5D33-465A-A702-920D77279786}") = "Aether", "Aether\Aether.fsproj", "{5F5C1D47-BF99-4371-A2AD-0D35F8C21A1C}"
EndProject
Project("{F2A71F9B-5D33-465A-A702-920D77279786}") = "Aether.Tests", "Aether.Tests\Aether.Tests.fsproj", "{055A6DA2-586C-4BB3-9F61-6F080800EFF0}"
EndProject
Global
	GlobalSection(SolutionConfigurationPlatforms) = preSolution
		Debug|Any CPU = Debug|Any CPU
		Debug|Mixed Platforms = Debug|Mixed Platforms
		Debug|x86 = Debug|x86
		Release|Any CPU = Release|Any CPU
		Release|Mixed Platforms = Release|Mixed Platforms
		Release|x86 = Release|x86
	EndGlobalSection
	GlobalSection(ProjectConfigurationPlatforms) = postSolution
		{1A1C6321-9766-4097-ABEE-036B7EE9D792}.Debug|Any CPU.ActiveCfg = Debug|x86
		{1A1C6321-9766-4097-ABEE-036B7EE9D792}.Debug|Mixed Platforms.ActiveCfg = Debug|x86
		{1A1C6321-9766-4097-ABEE-036B7EE9D792}.Debug|Mixed Platforms.Build.0 = Debug|x86
		{1A1C6321-9766-4097-ABEE-036B7EE9D792}.Debug|x86.ActiveCfg = Debug|x86
		{1A1C6321-9766-4097-ABEE-036B7EE9D792}.Debug|x86.Build.0 = Debug|x86
		{1A1C6321-9766-4097-ABEE-036B7EE9D792}.Release|Any CPU.ActiveCfg = Release|x86
		{1A1C6321-9766-4097-ABEE-036B7EE9D792}.Release|Mixed Platforms.ActiveCfg = Release|x86
		{1A1C6321-9766-4097-ABEE-036B7EE9D792}.Release|Mixed Platforms.Build.0 = Release|x86
		{1A1C6321-9766-4097-ABEE-036B7EE9D792}.Release|x86.ActiveCfg = Release|x86
		{1A1C6321-9766-4097-ABEE-036B7EE9D792}.Release|x86.Build.0 = Release|x86
		{5F5C1D47-BF99-4371-A2AD-0D35F8C21A1C}.Debug|Any CPU.ActiveCfg = Debug|Any CPU
		{5F5C1D47-BF99-4371-A2AD-0D35F8C21A1C}.Debug|Any CPU.Build.0 = Debug|Any CPU
		{5F5C1D47-BF99-4371-A2AD-0D35F8C21A1C}.Debug|Mixed Platforms.ActiveCfg = Debug|Any CPU
		{5F5C1D47-BF99-4371-A2AD-0D35F8C21A1C}.Debug|Mixed Platforms.Build.0 = Debug|Any CPU
		{5F5C1D47-BF99-4371-A2AD-0D35F8C21A1C}.Debug|x86.ActiveCfg = Debug|Any CPU
		{5F5C1D47-BF99-4371-A2AD-0D35F8C21A1C}.Release|Any CPU.ActiveCfg = Release|Any CPU
		{5F5C1D47-BF99-4371-A2AD-0D35F8C21A1C}.Release|Any CPU.Build.0 = Release|Any CPU
		{5F5C1D47-BF99-4371-A2AD-0D35F8C21A1C}.Release|Mixed Platforms.ActiveCfg = Release|Any CPU
		{5F5C1D47-BF99-4371-A2AD-0D35F8C21A1C}.Release|Mixed Platforms.Build.0 = Release|Any CPU
		{5F5C1D47-BF99-4371-A2AD-0D35F8C21A1C}.Release|x86.ActiveCfg = Release|Any CPU
		{055A6DA2-586C-4BB3-9F61-6F080800EFF0}.Debug|Any CPU.ActiveCfg = Debug|Any CPU
		{055A6DA2-586C-4BB3-9F61-6F080800EFF0}.Debug|Any CPU.Build.0 = Debug|Any CPU
		{055A6DA2-586C-4BB3-9F61-6F080800EFF0}.Debug|Mixed Platforms.ActiveCfg = Debug|Any CPU
		{055A6DA2-586C-4BB3-9F61-6F080800EFF0}.Debug|Mixed Platforms.Build.0 = Debug|Any CPU
		{055A6DA2-586C-4BB3-9F61-6F080800EFF0}.Debug|x86.ActiveCfg = Debug|Any CPU
		{055A6DA2-586C-4BB3-9F61-6F080800EFF0}.Release|Any CPU.ActiveCfg = Release|Any CPU
		{055A6DA2-586C-4BB3-9F61-6F080800EFF0}.Release|Any CPU.Build.0 = Release|Any CPU
		{055A6DA2-586C-4BB3-9F61-6F080800EFF0}.Release|Mixed Platforms.ActiveCfg = Release|Any CPU
		{055A6DA2-586C-4BB3-9F61-6F080800EFF0}.Release|Mixed Platforms.Build.0 = Release|Any CPU
		{055A6DA2-586C-4BB3-9F61-6F080800EFF0}.Release|x86.ActiveCfg = Release|Any CPU
	EndGlobalSection
	GlobalSection(SolutionProperties) = preSolution
		HideSolutionNode = FALSE
	EndGlobalSection
EndGlobal
